
Microsoft Visual Studio Solution File, Format Version 12.00
# Visual Studio Version 16
VisualStudioVersion = 16.0.29920.165
MinimumVisualStudioVersion = 10.0.40219.1
Project("{FAE04EC0-301F-11D3-BF4B-00C04F79EFBC}") = "WindowsFormsApp1", "WindowsFormsApp1\WindowsFormsApp1.csproj", "{056C949D-0931-465C-BF51-91D07B42CC64}"
EndProject
Global
	GlobalSection(SolutionConfigurationPlatforms) = preSolution
		Debug|Any CPU = Debug|Any CPU
		Release|Any CPU = Release|Any CPU
	EndGlobalSection
	GlobalSection(ProjectConfigurationPlatforms) = postSolution
		{056C949D-0931-465C-BF51-91D07B42CC64}.Debug|Any CPU.ActiveCfg = Debug|Any CPU
		{056C949D-0931-465C-BF51-91D07B42CC64}.Debug|Any CPU.Build.0 = Debug|Any CPU
		{056C949D-0931-465C-BF51-91D07B42CC64}.Release|Any CPU.ActiveCfg = Release|Any CPU
		{056C949D-0931-465C-BF51-91D07B42CC64}.Release|Any CPU.Build.0 = Release|Any CPU
	EndGlobalSection
	GlobalSection(SolutionProperties) = preSolution
		HideSolutionNode = FALSE
	EndGlobalSection
	GlobalSection(ExtensibilityGlobals) = postSolution
		SolutionGuid = {237FE3F9-3B12-43C7-83E5-49790D320693}
	EndGlobalSection
EndGlobal
